
Microsoft Visual Studio Solution File, Format Version 12.00
# Visual Studio 15
VisualStudioVersion = 15.0.27703.2035
MinimumVisualStudioVersion = 10.0.40219.1
Project("{FAE04EC0-301F-11D3-BF4B-00C04F79EFBC}") = "CTRL.Core", "CTRL.Core\CTRL.Core.csproj", "{0D7C0DB3-792D-474E-8794-3D2556639F3A}"
EndProject
Global
	GlobalSection(SolutionConfigurationPlatforms) = preSolution
		Debug|Any CPU = Debug|Any CPU
		Release|Any CPU = Release|Any CPU
	EndGlobalSection
	GlobalSection(ProjectConfigurationPlatforms) = postSolution
		{0D7C0DB3-792D-474E-8794-3D2556639F3A}.Debug|Any CPU.ActiveCfg = Debug|Any CPU
		{0D7C0DB3-792D-474E-8794-3D2556639F3A}.Debug|Any CPU.Build.0 = Debug|Any CPU
		{0D7C0DB3-792D-474E-8794-3D2556639F3A}.Release|Any CPU.ActiveCfg = Release|Any CPU
		{0D7C0DB3-792D-474E-8794-3D2556639F3A}.Release|Any CPU.Build.0 = Release|Any CPU
	EndGlobalSection
	GlobalSection(SolutionProperties) = preSolution
		HideSolutionNode = FALSE
	EndGlobalSection
	GlobalSection(ExtensibilityGlobals) = postSolution
		SolutionGuid = {6A2CB50C-0ED6-4EEF-B89F-F0471BC0DD3A}
	EndGlobalSection
EndGlobal
