
Microsoft Visual Studio Solution File, Format Version 12.00
# Visual Studio 15
VisualStudioVersion = 15.0.27703.2035
MinimumVisualStudioVersion = 10.0.40219.1
Project("{FAE04EC0-301F-11D3-BF4B-00C04F79EFBC}") = "CTRL.Core", "CTRL.Core\CTRL.Core.csproj", "{0D7C0DB3-792D-474E-8794-3D2556639F3A}"
EndProject
Project("{2150E333-8FDC-42A3-9474-1A3956D46DE8}") = "Data", "Data", "{D9591870-6579-4B76-8C63-36CC2D04DD12}"
EndProject
Project("{2150E333-8FDC-42A3-9474-1A3956D46DE8}") = "Web", "Web", "{0C456ED0-C92B-40E9-8985-2F1C988253DE}"
EndProject
Project("{2150E333-8FDC-42A3-9474-1A3956D46DE8}") = "Services", "Services", "{0639E962-14F4-4617-B21C-525E9B194E3B}"
EndProject
Project("{FAE04EC0-301F-11D3-BF4B-00C04F79EFBC}") = "CTRL.Web", "CTRL.Web\CTRL.Web.csproj", "{F20E7E69-372C-4AD6-A106-05C306057E8D}"
EndProject
Project("{2150E333-8FDC-42A3-9474-1A3956D46DE8}") = "Domain", "Domain", "{5E531A8D-8665-4C93-BC68-DC7E9EF28887}"
EndProject
Project("{FAE04EC0-301F-11D3-BF4B-00C04F79EFBC}") = "CTRL.Domain", "CTRL.Domain\CTRL.Domain.csproj", "{980A289C-BB07-4B74-A5DF-D87DBAF193C5}"
EndProject
Project("{2150E333-8FDC-42A3-9474-1A3956D46DE8}") = "QualityAssurance", "QualityAssurance", "{8D0DF7CE-670D-4729-A854-C91871A1C780}"
EndProject
Project("{FAE04EC0-301F-11D3-BF4B-00C04F79EFBC}") = "CTRL.Domain.UnitTests", "CTRL.Domain.UnitTests\CTRL.Domain.UnitTests.csproj", "{CBB59454-F576-4127-A7BF-40915E345F77}"
EndProject
Global
	GlobalSection(SolutionConfigurationPlatforms) = preSolution
		Debug|Any CPU = Debug|Any CPU
		Release|Any CPU = Release|Any CPU
	EndGlobalSection
	GlobalSection(ProjectConfigurationPlatforms) = postSolution
		{0D7C0DB3-792D-474E-8794-3D2556639F3A}.Debug|Any CPU.ActiveCfg = Debug|Any CPU
		{0D7C0DB3-792D-474E-8794-3D2556639F3A}.Debug|Any CPU.Build.0 = Debug|Any CPU
		{0D7C0DB3-792D-474E-8794-3D2556639F3A}.Release|Any CPU.ActiveCfg = Release|Any CPU
		{0D7C0DB3-792D-474E-8794-3D2556639F3A}.Release|Any CPU.Build.0 = Release|Any CPU
		{F20E7E69-372C-4AD6-A106-05C306057E8D}.Debug|Any CPU.ActiveCfg = Debug|Any CPU
		{F20E7E69-372C-4AD6-A106-05C306057E8D}.Debug|Any CPU.Build.0 = Debug|Any CPU
		{F20E7E69-372C-4AD6-A106-05C306057E8D}.Release|Any CPU.ActiveCfg = Release|Any CPU
		{F20E7E69-372C-4AD6-A106-05C306057E8D}.Release|Any CPU.Build.0 = Release|Any CPU
		{980A289C-BB07-4B74-A5DF-D87DBAF193C5}.Debug|Any CPU.ActiveCfg = Debug|Any CPU
		{980A289C-BB07-4B74-A5DF-D87DBAF193C5}.Debug|Any CPU.Build.0 = Debug|Any CPU
		{980A289C-BB07-4B74-A5DF-D87DBAF193C5}.Release|Any CPU.ActiveCfg = Release|Any CPU
		{980A289C-BB07-4B74-A5DF-D87DBAF193C5}.Release|Any CPU.Build.0 = Release|Any CPU
		{CBB59454-F576-4127-A7BF-40915E345F77}.Debug|Any CPU.ActiveCfg = Debug|Any CPU
		{CBB59454-F576-4127-A7BF-40915E345F77}.Debug|Any CPU.Build.0 = Debug|Any CPU
		{CBB59454-F576-4127-A7BF-40915E345F77}.Release|Any CPU.ActiveCfg = Release|Any CPU
		{CBB59454-F576-4127-A7BF-40915E345F77}.Release|Any CPU.Build.0 = Release|Any CPU
	EndGlobalSection
	GlobalSection(SolutionProperties) = preSolution
		HideSolutionNode = FALSE
	EndGlobalSection
	GlobalSection(NestedProjects) = preSolution
		{0D7C0DB3-792D-474E-8794-3D2556639F3A} = {D9591870-6579-4B76-8C63-36CC2D04DD12}
		{F20E7E69-372C-4AD6-A106-05C306057E8D} = {0C456ED0-C92B-40E9-8985-2F1C988253DE}
		{980A289C-BB07-4B74-A5DF-D87DBAF193C5} = {5E531A8D-8665-4C93-BC68-DC7E9EF28887}
		{CBB59454-F576-4127-A7BF-40915E345F77} = {8D0DF7CE-670D-4729-A854-C91871A1C780}
	EndGlobalSection
	GlobalSection(ExtensibilityGlobals) = postSolution
		SolutionGuid = {6A2CB50C-0ED6-4EEF-B89F-F0471BC0DD3A}
	EndGlobalSection
EndGlobal
